
Microsoft Visual Studio Solution File, Format Version 12.00
# Visual Studio Version 17
VisualStudioVersion = 17.10.35027.167
MinimumVisualStudioVersion = 10.0.40219.1
Project("{FAE04EC0-301F-11D3-BF4B-00C04F79EFBC}") = "MauiAppGuiaCurso", "MauiAppGuiaCurso\MauiAppGuiaCurso.csproj", "{96CFCF75-9DE1-4F8D-9E74-A6D6EFFFB63A}"
EndProject
Global
	GlobalSection(SolutionConfigurationPlatforms) = preSolution
		Debug|Any CPU = Debug|Any CPU
		Release|Any CPU = Release|Any CPU
	EndGlobalSection
	GlobalSection(ProjectConfigurationPlatforms) = postSolution
		{96CFCF75-9DE1-4F8D-9E74-A6D6EFFFB63A}.Debug|Any CPU.ActiveCfg = Debug|Any CPU
		{96CFCF75-9DE1-4F8D-9E74-A6D6EFFFB63A}.Debug|Any CPU.Build.0 = Debug|Any CPU
		{96CFCF75-9DE1-4F8D-9E74-A6D6EFFFB63A}.Debug|Any CPU.Deploy.0 = Debug|Any CPU
		{96CFCF75-9DE1-4F8D-9E74-A6D6EFFFB63A}.Release|Any CPU.ActiveCfg = Release|Any CPU
		{96CFCF75-9DE1-4F8D-9E74-A6D6EFFFB63A}.Release|Any CPU.Build.0 = Release|Any CPU
		{96CFCF75-9DE1-4F8D-9E74-A6D6EFFFB63A}.Release|Any CPU.Deploy.0 = Release|Any CPU
	EndGlobalSection
	GlobalSection(SolutionProperties) = preSolution
		HideSolutionNode = FALSE
	EndGlobalSection
	GlobalSection(ExtensibilityGlobals) = postSolution
		SolutionGuid = {A9091EC5-8B1C-408D-B626-F1A78C1FF5E7}
	EndGlobalSection
EndGlobal
